<Solution>
  <Folder Name="/tests/">
    <Project Path="tests/EventManager.Payments.Tests/EventManager.Payments.Tests.csproj" />
    <Project Path="tests/EventManager.Api.Tests/EventManager.Api.Tests.csproj" />
  </Folder>
  <Project Path="EventManager.Payments/EventManager.Payments.csproj" />
  <Project Path="EventManager.Api/EventManager.Api.csproj" />
</Solution>
